
Microsoft Visual Studio Solution File, Format Version 12.00
# Visual Studio Version 16
VisualStudioVersion = 16.0.30204.135
MinimumVisualStudioVersion = 10.0.40219.1
Project("{FAE04EC0-301F-11D3-BF4B-00C04F79EFBC}") = "MiniBanco", "MiniBanco\MiniBanco.csproj", "{D6F6F32E-8948-454B-BFB4-CAC4794A83BA}"
EndProject
Global
	GlobalSection(SolutionConfigurationPlatforms) = preSolution
		Debug|Any CPU = Debug|Any CPU
		Release|Any CPU = Release|Any CPU
	EndGlobalSection
	GlobalSection(ProjectConfigurationPlatforms) = postSolution
		{D6F6F32E-8948-454B-BFB4-CAC4794A83BA}.Debug|Any CPU.ActiveCfg = Debug|Any CPU
		{D6F6F32E-8948-454B-BFB4-CAC4794A83BA}.Debug|Any CPU.Build.0 = Debug|Any CPU
		{D6F6F32E-8948-454B-BFB4-CAC4794A83BA}.Release|Any CPU.ActiveCfg = Release|Any CPU
		{D6F6F32E-8948-454B-BFB4-CAC4794A83BA}.Release|Any CPU.Build.0 = Release|Any CPU
	EndGlobalSection
	GlobalSection(SolutionProperties) = preSolution
		HideSolutionNode = FALSE
	EndGlobalSection
	GlobalSection(ExtensibilityGlobals) = postSolution
		SolutionGuid = {4AA8B2CE-AA0F-49A8-8239-BD8FCC5EA2B7}
	EndGlobalSection
EndGlobal
